
Microsoft Visual Studio Solution File, Format Version 12.00
# Visual Studio 2013
VisualStudioVersion = 12.0.21005.1
MinimumVisualStudioVersion = 10.0.40219.1
Project("{8BC9CEB8-8B4A-11D0-8D11-00A0C91BC942}") = "DllTest", "DllTest\DllTest.vcxproj", "{698DB2CA-3CDF-49AA-8D38-28F60872340F}"
EndProject
Project("{8BC9CEB8-8B4A-11D0-8D11-00A0C91BC942}") = "dll1", "dll1\dll1.vcxproj", "{7E577FB8-D2AB-40D6-9CFE-2BAE30591720}"
EndProject
Project("{8BC9CEB8-8B4A-11D0-8D11-00A0C91BC942}") = "dll2", "dll2\dll2.vcxproj", "{481EF91C-1383-4D95-B1D1-D6F2F961E4C9}"
EndProject
Global
	GlobalSection(SolutionConfigurationPlatforms) = preSolution
		Debug|Win32 = Debug|Win32
		Release|Win32 = Release|Win32
	EndGlobalSection
	GlobalSection(ProjectConfigurationPlatforms) = postSolution
		{698DB2CA-3CDF-49AA-8D38-28F60872340F}.Debug|Win32.ActiveCfg = Debug|Win32
		{698DB2CA-3CDF-49AA-8D38-28F60872340F}.Debug|Win32.Build.0 = Debug|Win32
		{698DB2CA-3CDF-49AA-8D38-28F60872340F}.Release|Win32.ActiveCfg = Release|Win32
		{698DB2CA-3CDF-49AA-8D38-28F60872340F}.Release|Win32.Build.0 = Release|Win32
		{7E577FB8-D2AB-40D6-9CFE-2BAE30591720}.Debug|Win32.ActiveCfg = Debug|Win32
		{7E577FB8-D2AB-40D6-9CFE-2BAE30591720}.Debug|Win32.Build.0 = Debug|Win32
		{7E577FB8-D2AB-40D6-9CFE-2BAE30591720}.Release|Win32.ActiveCfg = Release|Win32
		{7E577FB8-D2AB-40D6-9CFE-2BAE30591720}.Release|Win32.Build.0 = Release|Win32
		{481EF91C-1383-4D95-B1D1-D6F2F961E4C9}.Debug|Win32.ActiveCfg = Debug|Win32
		{481EF91C-1383-4D95-B1D1-D6F2F961E4C9}.Debug|Win32.Build.0 = Debug|Win32
		{481EF91C-1383-4D95-B1D1-D6F2F961E4C9}.Release|Win32.ActiveCfg = Release|Win32
		{481EF91C-1383-4D95-B1D1-D6F2F961E4C9}.Release|Win32.Build.0 = Release|Win32
	EndGlobalSection
	GlobalSection(SolutionProperties) = preSolution
		HideSolutionNode = FALSE
	EndGlobalSection
EndGlobal
