
Microsoft Visual Studio Solution File, Format Version 12.00
# Visual Studio Version 16
VisualStudioVersion = 16.0.30204.135
MinimumVisualStudioVersion = 10.0.40219.1
Project("{8BC9CEB8-8B4A-11D0-8D11-00A0C91BC942}") = "c-lua", "c-lua\c-lua.vcxproj", "{B71D17FD-2D2E-4CA8-BB6E-2133FFE128D7}"
EndProject
Project("{8BC9CEB8-8B4A-11D0-8D11-00A0C91BC942}") = "mystudylib", "mystudylib\mystudylib.vcxproj", "{EDB4E30A-EFA0-4680-A834-53E82C30428F}"
EndProject
Project("{8BC9CEB8-8B4A-11D0-8D11-00A0C91BC942}") = "array", "array\array.vcxproj", "{2E5CD5E4-43A1-4A1A-847C-780B32203CF5}"
EndProject
Project("{8BC9CEB8-8B4A-11D0-8D11-00A0C91BC942}") = "luaxml", "luaxml\luaxml.vcxproj", "{31753972-B632-4559-B3E0-8DD1C6BA2C1C}"
EndProject
Project("{8BC9CEB8-8B4A-11D0-8D11-00A0C91BC942}") = "Lua515", "Lua515\Lua515.vcxproj", "{39DF1BB5-5B51-49E1-9648-ADE77E8BDA57}"
EndProject
Project("{8BC9CEB8-8B4A-11D0-8D11-00A0C91BC942}") = "luaprofiler", "luaprofiler\luaprofiler.vcxproj", "{FFE6B89B-3C7D-46B6-9F71-7DD19132450D}"
	ProjectSection(ProjectDependencies) = postProject
		{39DF1BB5-5B51-49E1-9648-ADE77E8BDA57} = {39DF1BB5-5B51-49E1-9648-ADE77E8BDA57}
	EndProjectSection
EndProject
Project("{8BC9CEB8-8B4A-11D0-8D11-00A0C91BC942}") = "Lua515_Coco", "Lua515_Coco\Lua515_Coco.vcxproj", "{2C64A525-0583-43ED-8D4E-9C2FF482A1C7}"
EndProject
Global
	GlobalSection(SolutionConfigurationPlatforms) = preSolution
		Debug|Win32 = Debug|Win32
		Debug|x64 = Debug|x64
		Release|Win32 = Release|Win32
		Release|x64 = Release|x64
	EndGlobalSection
	GlobalSection(ProjectConfigurationPlatforms) = postSolution
		{B71D17FD-2D2E-4CA8-BB6E-2133FFE128D7}.Debug|Win32.ActiveCfg = Debug|Win32
		{B71D17FD-2D2E-4CA8-BB6E-2133FFE128D7}.Debug|Win32.Build.0 = Debug|Win32
		{B71D17FD-2D2E-4CA8-BB6E-2133FFE128D7}.Debug|x64.ActiveCfg = Debug|x64
		{B71D17FD-2D2E-4CA8-BB6E-2133FFE128D7}.Debug|x64.Build.0 = Debug|x64
		{B71D17FD-2D2E-4CA8-BB6E-2133FFE128D7}.Release|Win32.ActiveCfg = Release|Win32
		{B71D17FD-2D2E-4CA8-BB6E-2133FFE128D7}.Release|Win32.Build.0 = Release|Win32
		{B71D17FD-2D2E-4CA8-BB6E-2133FFE128D7}.Release|x64.ActiveCfg = Release|x64
		{B71D17FD-2D2E-4CA8-BB6E-2133FFE128D7}.Release|x64.Build.0 = Release|x64
		{EDB4E30A-EFA0-4680-A834-53E82C30428F}.Debug|Win32.ActiveCfg = Debug|Win32
		{EDB4E30A-EFA0-4680-A834-53E82C30428F}.Debug|Win32.Build.0 = Debug|Win32
		{EDB4E30A-EFA0-4680-A834-53E82C30428F}.Debug|x64.ActiveCfg = Debug|x64
		{EDB4E30A-EFA0-4680-A834-53E82C30428F}.Debug|x64.Build.0 = Debug|x64
		{EDB4E30A-EFA0-4680-A834-53E82C30428F}.Release|Win32.ActiveCfg = Release|Win32
		{EDB4E30A-EFA0-4680-A834-53E82C30428F}.Release|Win32.Build.0 = Release|Win32
		{EDB4E30A-EFA0-4680-A834-53E82C30428F}.Release|x64.ActiveCfg = Release|x64
		{EDB4E30A-EFA0-4680-A834-53E82C30428F}.Release|x64.Build.0 = Release|x64
		{2E5CD5E4-43A1-4A1A-847C-780B32203CF5}.Debug|Win32.ActiveCfg = Debug|Win32
		{2E5CD5E4-43A1-4A1A-847C-780B32203CF5}.Debug|Win32.Build.0 = Debug|Win32
		{2E5CD5E4-43A1-4A1A-847C-780B32203CF5}.Debug|x64.ActiveCfg = Debug|x64
		{2E5CD5E4-43A1-4A1A-847C-780B32203CF5}.Debug|x64.Build.0 = Debug|x64
		{2E5CD5E4-43A1-4A1A-847C-780B32203CF5}.Release|Win32.ActiveCfg = Release|Win32
		{2E5CD5E4-43A1-4A1A-847C-780B32203CF5}.Release|Win32.Build.0 = Release|Win32
		{2E5CD5E4-43A1-4A1A-847C-780B32203CF5}.Release|x64.ActiveCfg = Release|x64
		{2E5CD5E4-43A1-4A1A-847C-780B32203CF5}.Release|x64.Build.0 = Release|x64
		{31753972-B632-4559-B3E0-8DD1C6BA2C1C}.Debug|Win32.ActiveCfg = Debug|Win32
		{31753972-B632-4559-B3E0-8DD1C6BA2C1C}.Debug|Win32.Build.0 = Debug|Win32
		{31753972-B632-4559-B3E0-8DD1C6BA2C1C}.Debug|x64.ActiveCfg = Debug|x64
		{31753972-B632-4559-B3E0-8DD1C6BA2C1C}.Debug|x64.Build.0 = Debug|x64
		{31753972-B632-4559-B3E0-8DD1C6BA2C1C}.Release|Win32.ActiveCfg = Release|Win32
		{31753972-B632-4559-B3E0-8DD1C6BA2C1C}.Release|Win32.Build.0 = Release|Win32
		{31753972-B632-4559-B3E0-8DD1C6BA2C1C}.Release|x64.ActiveCfg = Release|x64
		{31753972-B632-4559-B3E0-8DD1C6BA2C1C}.Release|x64.Build.0 = Release|x64
		{39DF1BB5-5B51-49E1-9648-ADE77E8BDA57}.Debug|Win32.ActiveCfg = Debug|Win32
		{39DF1BB5-5B51-49E1-9648-ADE77E8BDA57}.Debug|Win32.Build.0 = Debug|Win32
		{39DF1BB5-5B51-49E1-9648-ADE77E8BDA57}.Debug|x64.ActiveCfg = Debug|x64
		{39DF1BB5-5B51-49E1-9648-ADE77E8BDA57}.Debug|x64.Build.0 = Debug|x64
		{39DF1BB5-5B51-49E1-9648-ADE77E8BDA57}.Release|Win32.ActiveCfg = Release|Win32
		{39DF1BB5-5B51-49E1-9648-ADE77E8BDA57}.Release|Win32.Build.0 = Release|Win32
		{39DF1BB5-5B51-49E1-9648-ADE77E8BDA57}.Release|x64.ActiveCfg = Release|x64
		{39DF1BB5-5B51-49E1-9648-ADE77E8BDA57}.Release|x64.Build.0 = Release|x64
		{FFE6B89B-3C7D-46B6-9F71-7DD19132450D}.Debug|Win32.ActiveCfg = Debug|Win32
		{FFE6B89B-3C7D-46B6-9F71-7DD19132450D}.Debug|Win32.Build.0 = Debug|Win32
		{FFE6B89B-3C7D-46B6-9F71-7DD19132450D}.Debug|x64.ActiveCfg = Debug|x64
		{FFE6B89B-3C7D-46B6-9F71-7DD19132450D}.Debug|x64.Build.0 = Debug|x64
		{FFE6B89B-3C7D-46B6-9F71-7DD19132450D}.Release|Win32.ActiveCfg = Release|Win32
		{FFE6B89B-3C7D-46B6-9F71-7DD19132450D}.Release|Win32.Build.0 = Release|Win32
		{FFE6B89B-3C7D-46B6-9F71-7DD19132450D}.Release|x64.ActiveCfg = Release|x64
		{FFE6B89B-3C7D-46B6-9F71-7DD19132450D}.Release|x64.Build.0 = Release|x64
		{2C64A525-0583-43ED-8D4E-9C2FF482A1C7}.Debug|Win32.ActiveCfg = Debug|Win32
		{2C64A525-0583-43ED-8D4E-9C2FF482A1C7}.Debug|Win32.Build.0 = Debug|Win32
		{2C64A525-0583-43ED-8D4E-9C2FF482A1C7}.Debug|x64.ActiveCfg = Debug|x64
		{2C64A525-0583-43ED-8D4E-9C2FF482A1C7}.Debug|x64.Build.0 = Debug|x64
		{2C64A525-0583-43ED-8D4E-9C2FF482A1C7}.Release|Win32.ActiveCfg = Release|Win32
		{2C64A525-0583-43ED-8D4E-9C2FF482A1C7}.Release|Win32.Build.0 = Release|Win32
		{2C64A525-0583-43ED-8D4E-9C2FF482A1C7}.Release|x64.ActiveCfg = Release|x64
		{2C64A525-0583-43ED-8D4E-9C2FF482A1C7}.Release|x64.Build.0 = Release|x64
	EndGlobalSection
	GlobalSection(SolutionProperties) = preSolution
		HideSolutionNode = FALSE
	EndGlobalSection
	GlobalSection(ExtensibilityGlobals) = postSolution
		SolutionGuid = {D535E546-12AD-4FE7-A340-4643C3879AC6}
	EndGlobalSection
EndGlobal
