
Microsoft Visual Studio Solution File, Format Version 12.00
# Visual Studio Version 16
VisualStudioVersion = 16.0.30517.126
MinimumVisualStudioVersion = 10.0.40219.1
Project("{8BC9CEB8-8B4A-11D0-8D11-00A0C91BC942}") = "strchr_overload", "strchr_overload\strchr_overload.vcxproj", "{593CB0AC-2C09-48E5-8743-B7B97B883748}"
EndProject
Project("{8BC9CEB8-8B4A-11D0-8D11-00A0C91BC942}") = "overflow_short", "overflow_short\overflow_short.vcxproj", "{D9856556-EE51-4EF0-9D54-CA1ABA3BCD7C}"
EndProject
Project("{8BC9CEB8-8B4A-11D0-8D11-00A0C91BC942}") = "WinDbg_Test", "WinDbg_Test\WinDbg_Test.vcxproj", "{8CDE2BF2-FF76-4314-ABC8-A79B632E8D0F}"
EndProject
Project("{8BC9CEB8-8B4A-11D0-8D11-00A0C91BC942}") = "macro_study", "macro_study\macro_study.vcxproj", "{63B15505-D6CD-4B09-B9F3-541CC859FDD8}"
EndProject
Project("{8BC9CEB8-8B4A-11D0-8D11-00A0C91BC942}") = "regex_study", "regex_study\regex_study.vcxproj", "{2A93261A-DBB2-4A15-B787-5FDAC02073D3}"
EndProject
Project("{8BC9CEB8-8B4A-11D0-8D11-00A0C91BC942}") = "rapidjson_study", "rapidjson_study\rapidjson_study.vcxproj", "{7DA129B3-71E4-4B5A-A0F2-822B35EDA4AE}"
EndProject
Project("{8BC9CEB8-8B4A-11D0-8D11-00A0C91BC942}") = "CompilersPrinciplesStudy", "CompilersPrinciplesStudy\CompilersPrinciplesStudy.vcxproj", "{47ED6362-DE49-4D99-B212-6D810D859748}"
EndProject
Project("{8BC9CEB8-8B4A-11D0-8D11-00A0C91BC942}") = "object_model_study", "object_model_study\object_model_study.vcxproj", "{66108EAB-F3BF-4C2D-96E1-4F441EC00B47}"
EndProject
Project("{2150E333-8FDC-42A3-9474-1A3956D46DE8}") = "Compiler", "Compiler", "{909729D8-5AC4-44E7-A6B5-8F562DFFE350}"
EndProject
Project("{8BC9CEB8-8B4A-11D0-8D11-00A0C91BC942}") = "CoreMath", "Compiler\CoreMath\CoreMath.vcxproj", "{90E94021-571C-4931-9664-382F2358D8EC}"
EndProject
Project("{8BC9CEB8-8B4A-11D0-8D11-00A0C91BC942}") = "StaticLib", "Compiler\StaticLib\StaticLib.vcxproj", "{16DAE669-4B82-42A2-864D-8F9668ED686E}"
EndProject
Project("{8BC9CEB8-8B4A-11D0-8D11-00A0C91BC942}") = "StaticLib2", "Compiler\StaticLib2\StaticLib2.vcxproj", "{E8B0C278-D48B-4EA0-AB30-9DA153CBA997}"
EndProject
Project("{2150E333-8FDC-42A3-9474-1A3956D46DE8}") = "stl", "stl", "{864BAEB9-3F08-420B-A6CB-6E72526AA367}"
EndProject
Project("{8BC9CEB8-8B4A-11D0-8D11-00A0C91BC942}") = "stl_study", "stl\stl_study\stl_study.vcxproj", "{6C5F69C4-D15F-4783-9BFB-F2FDB4BC7E56}"
EndProject
Project("{8BC9CEB8-8B4A-11D0-8D11-00A0C91BC942}") = "fragment", "fragment\fragment.vcxproj", "{57547A53-1341-4C14-B6A1-67F46BBD2A88}"
	ProjectSection(ProjectDependencies) = postProject
		{875E1A78-3B6E-4EC3-AE3A-66A5AEBC57E6} = {875E1A78-3B6E-4EC3-AE3A-66A5AEBC57E6}
		{04A1E37B-0B5E-4F36-9FAE-6512AAA8A12D} = {04A1E37B-0B5E-4F36-9FAE-6512AAA8A12D}
	EndProjectSection
EndProject
Project("{8BC9CEB8-8B4A-11D0-8D11-00A0C91BC942}") = "Core", "Core\Core.vcxproj", "{04A1E37B-0B5E-4F36-9FAE-6512AAA8A12D}"
EndProject
Project("{2150E333-8FDC-42A3-9474-1A3956D46DE8}") = "grammar", "grammar", "{B9525178-EA87-44D6-A145-47754822894A}"
EndProject
Project("{8BC9CEB8-8B4A-11D0-8D11-00A0C91BC942}") = "class_and_abstruct", "grammar\class_and_abstruct\class_and_abstruct.vcxproj", "{3BAF65FF-662F-4CDA-98C9-66D3AD1CC152}"
EndProject
Project("{8BC9CEB8-8B4A-11D0-8D11-00A0C91BC942}") = "encoding", "encoding\encoding.vcxproj", "{7124CFAA-3D3F-43A3-A8F9-E755D5A80C93}"
EndProject
Project("{2150E333-8FDC-42A3-9474-1A3956D46DE8}") = "Engine", "Engine", "{86E2AA29-6E03-40F1-BB4D-D2332B961817}"
EndProject
Project("{8BC9CEB8-8B4A-11D0-8D11-00A0C91BC942}") = "RenderCore", "RenderCore\Private\RenderCore.vcxproj", "{875E1A78-3B6E-4EC3-AE3A-66A5AEBC57E6}"
EndProject
Global
	GlobalSection(SolutionConfigurationPlatforms) = preSolution
		Debug|ARM = Debug|ARM
		Debug|Win32 = Debug|Win32
		Debug|x64 = Debug|x64
		Release|ARM = Release|ARM
		Release|Win32 = Release|Win32
		Release|x64 = Release|x64
	EndGlobalSection
	GlobalSection(ProjectConfigurationPlatforms) = postSolution
		{593CB0AC-2C09-48E5-8743-B7B97B883748}.Debug|ARM.ActiveCfg = Debug|Win32
		{593CB0AC-2C09-48E5-8743-B7B97B883748}.Debug|Win32.ActiveCfg = Debug|Win32
		{593CB0AC-2C09-48E5-8743-B7B97B883748}.Debug|Win32.Build.0 = Debug|Win32
		{593CB0AC-2C09-48E5-8743-B7B97B883748}.Debug|x64.ActiveCfg = Debug|Win32
		{593CB0AC-2C09-48E5-8743-B7B97B883748}.Release|ARM.ActiveCfg = Release|Win32
		{593CB0AC-2C09-48E5-8743-B7B97B883748}.Release|Win32.ActiveCfg = Release|Win32
		{593CB0AC-2C09-48E5-8743-B7B97B883748}.Release|Win32.Build.0 = Release|Win32
		{593CB0AC-2C09-48E5-8743-B7B97B883748}.Release|x64.ActiveCfg = Release|Win32
		{D9856556-EE51-4EF0-9D54-CA1ABA3BCD7C}.Debug|ARM.ActiveCfg = Debug|Win32
		{D9856556-EE51-4EF0-9D54-CA1ABA3BCD7C}.Debug|Win32.ActiveCfg = Debug|Win32
		{D9856556-EE51-4EF0-9D54-CA1ABA3BCD7C}.Debug|Win32.Build.0 = Debug|Win32
		{D9856556-EE51-4EF0-9D54-CA1ABA3BCD7C}.Debug|x64.ActiveCfg = Debug|Win32
		{D9856556-EE51-4EF0-9D54-CA1ABA3BCD7C}.Release|ARM.ActiveCfg = Release|Win32
		{D9856556-EE51-4EF0-9D54-CA1ABA3BCD7C}.Release|Win32.ActiveCfg = Release|Win32
		{D9856556-EE51-4EF0-9D54-CA1ABA3BCD7C}.Release|Win32.Build.0 = Release|Win32
		{D9856556-EE51-4EF0-9D54-CA1ABA3BCD7C}.Release|x64.ActiveCfg = Release|Win32
		{8CDE2BF2-FF76-4314-ABC8-A79B632E8D0F}.Debug|ARM.ActiveCfg = Debug|Win32
		{8CDE2BF2-FF76-4314-ABC8-A79B632E8D0F}.Debug|Win32.ActiveCfg = Debug|Win32
		{8CDE2BF2-FF76-4314-ABC8-A79B632E8D0F}.Debug|Win32.Build.0 = Debug|Win32
		{8CDE2BF2-FF76-4314-ABC8-A79B632E8D0F}.Debug|x64.ActiveCfg = Debug|Win32
		{8CDE2BF2-FF76-4314-ABC8-A79B632E8D0F}.Release|ARM.ActiveCfg = Release|Win32
		{8CDE2BF2-FF76-4314-ABC8-A79B632E8D0F}.Release|Win32.ActiveCfg = Release|Win32
		{8CDE2BF2-FF76-4314-ABC8-A79B632E8D0F}.Release|Win32.Build.0 = Release|Win32
		{8CDE2BF2-FF76-4314-ABC8-A79B632E8D0F}.Release|x64.ActiveCfg = Release|Win32
		{63B15505-D6CD-4B09-B9F3-541CC859FDD8}.Debug|ARM.ActiveCfg = Debug|Win32
		{63B15505-D6CD-4B09-B9F3-541CC859FDD8}.Debug|Win32.ActiveCfg = Debug|Win32
		{63B15505-D6CD-4B09-B9F3-541CC859FDD8}.Debug|Win32.Build.0 = Debug|Win32
		{63B15505-D6CD-4B09-B9F3-541CC859FDD8}.Debug|x64.ActiveCfg = Debug|Win32
		{63B15505-D6CD-4B09-B9F3-541CC859FDD8}.Release|ARM.ActiveCfg = Release|Win32
		{63B15505-D6CD-4B09-B9F3-541CC859FDD8}.Release|Win32.ActiveCfg = Release|Win32
		{63B15505-D6CD-4B09-B9F3-541CC859FDD8}.Release|Win32.Build.0 = Release|Win32
		{63B15505-D6CD-4B09-B9F3-541CC859FDD8}.Release|x64.ActiveCfg = Release|Win32
		{2A93261A-DBB2-4A15-B787-5FDAC02073D3}.Debug|ARM.ActiveCfg = Debug|Win32
		{2A93261A-DBB2-4A15-B787-5FDAC02073D3}.Debug|Win32.ActiveCfg = Debug|Win32
		{2A93261A-DBB2-4A15-B787-5FDAC02073D3}.Debug|Win32.Build.0 = Debug|Win32
		{2A93261A-DBB2-4A15-B787-5FDAC02073D3}.Debug|x64.ActiveCfg = Debug|x64
		{2A93261A-DBB2-4A15-B787-5FDAC02073D3}.Debug|x64.Build.0 = Debug|x64
		{2A93261A-DBB2-4A15-B787-5FDAC02073D3}.Release|ARM.ActiveCfg = Release|Win32
		{2A93261A-DBB2-4A15-B787-5FDAC02073D3}.Release|Win32.ActiveCfg = Release|Win32
		{2A93261A-DBB2-4A15-B787-5FDAC02073D3}.Release|Win32.Build.0 = Release|Win32
		{2A93261A-DBB2-4A15-B787-5FDAC02073D3}.Release|x64.ActiveCfg = Release|x64
		{2A93261A-DBB2-4A15-B787-5FDAC02073D3}.Release|x64.Build.0 = Release|x64
		{7DA129B3-71E4-4B5A-A0F2-822B35EDA4AE}.Debug|ARM.ActiveCfg = Debug|Win32
		{7DA129B3-71E4-4B5A-A0F2-822B35EDA4AE}.Debug|Win32.ActiveCfg = Debug|Win32
		{7DA129B3-71E4-4B5A-A0F2-822B35EDA4AE}.Debug|Win32.Build.0 = Debug|Win32
		{7DA129B3-71E4-4B5A-A0F2-822B35EDA4AE}.Debug|x64.ActiveCfg = Debug|x64
		{7DA129B3-71E4-4B5A-A0F2-822B35EDA4AE}.Debug|x64.Build.0 = Debug|x64
		{7DA129B3-71E4-4B5A-A0F2-822B35EDA4AE}.Release|ARM.ActiveCfg = Release|Win32
		{7DA129B3-71E4-4B5A-A0F2-822B35EDA4AE}.Release|Win32.ActiveCfg = Release|Win32
		{7DA129B3-71E4-4B5A-A0F2-822B35EDA4AE}.Release|Win32.Build.0 = Release|Win32
		{7DA129B3-71E4-4B5A-A0F2-822B35EDA4AE}.Release|x64.ActiveCfg = Release|x64
		{7DA129B3-71E4-4B5A-A0F2-822B35EDA4AE}.Release|x64.Build.0 = Release|x64
		{47ED6362-DE49-4D99-B212-6D810D859748}.Debug|ARM.ActiveCfg = Debug|x64
		{47ED6362-DE49-4D99-B212-6D810D859748}.Debug|Win32.ActiveCfg = Debug|Win32
		{47ED6362-DE49-4D99-B212-6D810D859748}.Debug|Win32.Build.0 = Debug|Win32
		{47ED6362-DE49-4D99-B212-6D810D859748}.Debug|x64.ActiveCfg = Debug|x64
		{47ED6362-DE49-4D99-B212-6D810D859748}.Debug|x64.Build.0 = Debug|x64
		{47ED6362-DE49-4D99-B212-6D810D859748}.Release|ARM.ActiveCfg = Release|Win32
		{47ED6362-DE49-4D99-B212-6D810D859748}.Release|Win32.ActiveCfg = Release|Win32
		{47ED6362-DE49-4D99-B212-6D810D859748}.Release|Win32.Build.0 = Release|Win32
		{47ED6362-DE49-4D99-B212-6D810D859748}.Release|x64.ActiveCfg = Release|x64
		{47ED6362-DE49-4D99-B212-6D810D859748}.Release|x64.Build.0 = Release|x64
		{66108EAB-F3BF-4C2D-96E1-4F441EC00B47}.Debug|ARM.ActiveCfg = Debug|Win32
		{66108EAB-F3BF-4C2D-96E1-4F441EC00B47}.Debug|Win32.ActiveCfg = Debug|Win32
		{66108EAB-F3BF-4C2D-96E1-4F441EC00B47}.Debug|Win32.Build.0 = Debug|Win32
		{66108EAB-F3BF-4C2D-96E1-4F441EC00B47}.Debug|x64.ActiveCfg = Debug|x64
		{66108EAB-F3BF-4C2D-96E1-4F441EC00B47}.Debug|x64.Build.0 = Debug|x64
		{66108EAB-F3BF-4C2D-96E1-4F441EC00B47}.Release|ARM.ActiveCfg = Release|Win32
		{66108EAB-F3BF-4C2D-96E1-4F441EC00B47}.Release|Win32.ActiveCfg = Release|Win32
		{66108EAB-F3BF-4C2D-96E1-4F441EC00B47}.Release|Win32.Build.0 = Release|Win32
		{66108EAB-F3BF-4C2D-96E1-4F441EC00B47}.Release|x64.ActiveCfg = Release|x64
		{66108EAB-F3BF-4C2D-96E1-4F441EC00B47}.Release|x64.Build.0 = Release|x64
		{90E94021-571C-4931-9664-382F2358D8EC}.Debug|ARM.ActiveCfg = Debug|Win32
		{90E94021-571C-4931-9664-382F2358D8EC}.Debug|Win32.ActiveCfg = Debug|Win32
		{90E94021-571C-4931-9664-382F2358D8EC}.Debug|Win32.Build.0 = Debug|Win32
		{90E94021-571C-4931-9664-382F2358D8EC}.Debug|x64.ActiveCfg = Debug|x64
		{90E94021-571C-4931-9664-382F2358D8EC}.Debug|x64.Build.0 = Debug|x64
		{90E94021-571C-4931-9664-382F2358D8EC}.Release|ARM.ActiveCfg = Release|Win32
		{90E94021-571C-4931-9664-382F2358D8EC}.Release|Win32.ActiveCfg = Release|Win32
		{90E94021-571C-4931-9664-382F2358D8EC}.Release|Win32.Build.0 = Release|Win32
		{90E94021-571C-4931-9664-382F2358D8EC}.Release|x64.ActiveCfg = Release|x64
		{90E94021-571C-4931-9664-382F2358D8EC}.Release|x64.Build.0 = Release|x64
		{16DAE669-4B82-42A2-864D-8F9668ED686E}.Debug|ARM.ActiveCfg = Debug|Win32
		{16DAE669-4B82-42A2-864D-8F9668ED686E}.Debug|Win32.ActiveCfg = Debug|Win32
		{16DAE669-4B82-42A2-864D-8F9668ED686E}.Debug|Win32.Build.0 = Debug|Win32
		{16DAE669-4B82-42A2-864D-8F9668ED686E}.Debug|x64.ActiveCfg = Debug|x64
		{16DAE669-4B82-42A2-864D-8F9668ED686E}.Debug|x64.Build.0 = Debug|x64
		{16DAE669-4B82-42A2-864D-8F9668ED686E}.Release|ARM.ActiveCfg = Release|Win32
		{16DAE669-4B82-42A2-864D-8F9668ED686E}.Release|Win32.ActiveCfg = Release|Win32
		{16DAE669-4B82-42A2-864D-8F9668ED686E}.Release|Win32.Build.0 = Release|Win32
		{16DAE669-4B82-42A2-864D-8F9668ED686E}.Release|x64.ActiveCfg = Release|x64
		{16DAE669-4B82-42A2-864D-8F9668ED686E}.Release|x64.Build.0 = Release|x64
		{E8B0C278-D48B-4EA0-AB30-9DA153CBA997}.Debug|ARM.ActiveCfg = Debug|Win32
		{E8B0C278-D48B-4EA0-AB30-9DA153CBA997}.Debug|Win32.ActiveCfg = Debug|Win32
		{E8B0C278-D48B-4EA0-AB30-9DA153CBA997}.Debug|Win32.Build.0 = Debug|Win32
		{E8B0C278-D48B-4EA0-AB30-9DA153CBA997}.Debug|x64.ActiveCfg = Debug|x64
		{E8B0C278-D48B-4EA0-AB30-9DA153CBA997}.Debug|x64.Build.0 = Debug|x64
		{E8B0C278-D48B-4EA0-AB30-9DA153CBA997}.Release|ARM.ActiveCfg = Release|Win32
		{E8B0C278-D48B-4EA0-AB30-9DA153CBA997}.Release|Win32.ActiveCfg = Release|Win32
		{E8B0C278-D48B-4EA0-AB30-9DA153CBA997}.Release|Win32.Build.0 = Release|Win32
		{E8B0C278-D48B-4EA0-AB30-9DA153CBA997}.Release|x64.ActiveCfg = Release|x64
		{E8B0C278-D48B-4EA0-AB30-9DA153CBA997}.Release|x64.Build.0 = Release|x64
		{6C5F69C4-D15F-4783-9BFB-F2FDB4BC7E56}.Debug|ARM.ActiveCfg = Debug|Win32
		{6C5F69C4-D15F-4783-9BFB-F2FDB4BC7E56}.Debug|Win32.ActiveCfg = Debug|Win32
		{6C5F69C4-D15F-4783-9BFB-F2FDB4BC7E56}.Debug|Win32.Build.0 = Debug|Win32
		{6C5F69C4-D15F-4783-9BFB-F2FDB4BC7E56}.Debug|x64.ActiveCfg = Debug|x64
		{6C5F69C4-D15F-4783-9BFB-F2FDB4BC7E56}.Debug|x64.Build.0 = Debug|x64
		{6C5F69C4-D15F-4783-9BFB-F2FDB4BC7E56}.Release|ARM.ActiveCfg = Release|Win32
		{6C5F69C4-D15F-4783-9BFB-F2FDB4BC7E56}.Release|Win32.ActiveCfg = Release|Win32
		{6C5F69C4-D15F-4783-9BFB-F2FDB4BC7E56}.Release|Win32.Build.0 = Release|Win32
		{6C5F69C4-D15F-4783-9BFB-F2FDB4BC7E56}.Release|x64.ActiveCfg = Release|x64
		{6C5F69C4-D15F-4783-9BFB-F2FDB4BC7E56}.Release|x64.Build.0 = Release|x64
		{57547A53-1341-4C14-B6A1-67F46BBD2A88}.Debug|ARM.ActiveCfg = Debug|x64
		{57547A53-1341-4C14-B6A1-67F46BBD2A88}.Debug|ARM.Build.0 = Debug|x64
		{57547A53-1341-4C14-B6A1-67F46BBD2A88}.Debug|Win32.ActiveCfg = Debug|Win32
		{57547A53-1341-4C14-B6A1-67F46BBD2A88}.Debug|Win32.Build.0 = Debug|Win32
		{57547A53-1341-4C14-B6A1-67F46BBD2A88}.Debug|x64.ActiveCfg = Debug|x64
		{57547A53-1341-4C14-B6A1-67F46BBD2A88}.Debug|x64.Build.0 = Debug|x64
		{57547A53-1341-4C14-B6A1-67F46BBD2A88}.Release|ARM.ActiveCfg = Release|Win32
		{57547A53-1341-4C14-B6A1-67F46BBD2A88}.Release|Win32.ActiveCfg = Release|Win32
		{57547A53-1341-4C14-B6A1-67F46BBD2A88}.Release|Win32.Build.0 = Release|Win32
		{57547A53-1341-4C14-B6A1-67F46BBD2A88}.Release|x64.ActiveCfg = Release|Win32
		{04A1E37B-0B5E-4F36-9FAE-6512AAA8A12D}.Debug|ARM.ActiveCfg = Debug|Win32
		{04A1E37B-0B5E-4F36-9FAE-6512AAA8A12D}.Debug|Win32.ActiveCfg = Debug|Win32
		{04A1E37B-0B5E-4F36-9FAE-6512AAA8A12D}.Debug|Win32.Build.0 = Debug|Win32
		{04A1E37B-0B5E-4F36-9FAE-6512AAA8A12D}.Debug|x64.ActiveCfg = Debug|x64
		{04A1E37B-0B5E-4F36-9FAE-6512AAA8A12D}.Debug|x64.Build.0 = Debug|x64
		{04A1E37B-0B5E-4F36-9FAE-6512AAA8A12D}.Release|ARM.ActiveCfg = Release|Win32
		{04A1E37B-0B5E-4F36-9FAE-6512AAA8A12D}.Release|Win32.ActiveCfg = Release|Win32
		{04A1E37B-0B5E-4F36-9FAE-6512AAA8A12D}.Release|Win32.Build.0 = Release|Win32
		{04A1E37B-0B5E-4F36-9FAE-6512AAA8A12D}.Release|x64.ActiveCfg = Release|x64
		{04A1E37B-0B5E-4F36-9FAE-6512AAA8A12D}.Release|x64.Build.0 = Release|x64
		{3BAF65FF-662F-4CDA-98C9-66D3AD1CC152}.Debug|ARM.ActiveCfg = Debug|Win32
		{3BAF65FF-662F-4CDA-98C9-66D3AD1CC152}.Debug|Win32.ActiveCfg = Debug|Win32
		{3BAF65FF-662F-4CDA-98C9-66D3AD1CC152}.Debug|Win32.Build.0 = Debug|Win32
		{3BAF65FF-662F-4CDA-98C9-66D3AD1CC152}.Debug|x64.ActiveCfg = Debug|x64
		{3BAF65FF-662F-4CDA-98C9-66D3AD1CC152}.Debug|x64.Build.0 = Debug|x64
		{3BAF65FF-662F-4CDA-98C9-66D3AD1CC152}.Release|ARM.ActiveCfg = Release|Win32
		{3BAF65FF-662F-4CDA-98C9-66D3AD1CC152}.Release|Win32.ActiveCfg = Release|Win32
		{3BAF65FF-662F-4CDA-98C9-66D3AD1CC152}.Release|Win32.Build.0 = Release|Win32
		{3BAF65FF-662F-4CDA-98C9-66D3AD1CC152}.Release|x64.ActiveCfg = Release|x64
		{3BAF65FF-662F-4CDA-98C9-66D3AD1CC152}.Release|x64.Build.0 = Release|x64
		{7124CFAA-3D3F-43A3-A8F9-E755D5A80C93}.Debug|ARM.ActiveCfg = Debug|Win32
		{7124CFAA-3D3F-43A3-A8F9-E755D5A80C93}.Debug|Win32.ActiveCfg = Debug|Win32
		{7124CFAA-3D3F-43A3-A8F9-E755D5A80C93}.Debug|Win32.Build.0 = Debug|Win32
		{7124CFAA-3D3F-43A3-A8F9-E755D5A80C93}.Debug|x64.ActiveCfg = Debug|x64
		{7124CFAA-3D3F-43A3-A8F9-E755D5A80C93}.Debug|x64.Build.0 = Debug|x64
		{7124CFAA-3D3F-43A3-A8F9-E755D5A80C93}.Release|ARM.ActiveCfg = Release|Win32
		{7124CFAA-3D3F-43A3-A8F9-E755D5A80C93}.Release|Win32.ActiveCfg = Release|Win32
		{7124CFAA-3D3F-43A3-A8F9-E755D5A80C93}.Release|Win32.Build.0 = Release|Win32
		{7124CFAA-3D3F-43A3-A8F9-E755D5A80C93}.Release|x64.ActiveCfg = Release|x64
		{7124CFAA-3D3F-43A3-A8F9-E755D5A80C93}.Release|x64.Build.0 = Release|x64
		{875E1A78-3B6E-4EC3-AE3A-66A5AEBC57E6}.Debug|ARM.ActiveCfg = Debug|Win32
		{875E1A78-3B6E-4EC3-AE3A-66A5AEBC57E6}.Debug|Win32.ActiveCfg = Debug|Win32
		{875E1A78-3B6E-4EC3-AE3A-66A5AEBC57E6}.Debug|Win32.Build.0 = Debug|Win32
		{875E1A78-3B6E-4EC3-AE3A-66A5AEBC57E6}.Debug|x64.ActiveCfg = Debug|x64
		{875E1A78-3B6E-4EC3-AE3A-66A5AEBC57E6}.Debug|x64.Build.0 = Debug|x64
		{875E1A78-3B6E-4EC3-AE3A-66A5AEBC57E6}.Release|ARM.ActiveCfg = Release|Win32
		{875E1A78-3B6E-4EC3-AE3A-66A5AEBC57E6}.Release|Win32.ActiveCfg = Release|Win32
		{875E1A78-3B6E-4EC3-AE3A-66A5AEBC57E6}.Release|Win32.Build.0 = Release|Win32
		{875E1A78-3B6E-4EC3-AE3A-66A5AEBC57E6}.Release|x64.ActiveCfg = Release|x64
		{875E1A78-3B6E-4EC3-AE3A-66A5AEBC57E6}.Release|x64.Build.0 = Release|x64
	EndGlobalSection
	GlobalSection(SolutionProperties) = preSolution
		HideSolutionNode = FALSE
	EndGlobalSection
	GlobalSection(NestedProjects) = preSolution
		{47ED6362-DE49-4D99-B212-6D810D859748} = {909729D8-5AC4-44E7-A6B5-8F562DFFE350}
		{90E94021-571C-4931-9664-382F2358D8EC} = {909729D8-5AC4-44E7-A6B5-8F562DFFE350}
		{16DAE669-4B82-42A2-864D-8F9668ED686E} = {909729D8-5AC4-44E7-A6B5-8F562DFFE350}
		{E8B0C278-D48B-4EA0-AB30-9DA153CBA997} = {909729D8-5AC4-44E7-A6B5-8F562DFFE350}
		{6C5F69C4-D15F-4783-9BFB-F2FDB4BC7E56} = {864BAEB9-3F08-420B-A6CB-6E72526AA367}
		{04A1E37B-0B5E-4F36-9FAE-6512AAA8A12D} = {86E2AA29-6E03-40F1-BB4D-D2332B961817}
		{3BAF65FF-662F-4CDA-98C9-66D3AD1CC152} = {B9525178-EA87-44D6-A145-47754822894A}
		{875E1A78-3B6E-4EC3-AE3A-66A5AEBC57E6} = {86E2AA29-6E03-40F1-BB4D-D2332B961817}
	EndGlobalSection
	GlobalSection(ExtensibilityGlobals) = postSolution
		SolutionGuid = {1B9E4B5F-04BD-4481-809C-CC16F4BD54C7}
	EndGlobalSection
EndGlobal
