
Microsoft Visual Studio Solution File, Format Version 9.00
# Visual Studio 2005
Project("{8BC9CEB8-8B4A-11D0-8D11-00A0C91BC942}") = "PlayFlash", "PlayFlash.vcproj", "{AD725C26-678B-4231-A0A2-CCE76233D83C}"
EndProject
Global
	GlobalSection(SolutionConfigurationPlatforms) = preSolution
		Debug|Win32 = Debug|Win32
		Release|Win32 = Release|Win32
	EndGlobalSection
	GlobalSection(ProjectConfigurationPlatforms) = postSolution
		{AD725C26-678B-4231-A0A2-CCE76233D83C}.Debug|Win32.ActiveCfg = Debug|Win32
		{AD725C26-678B-4231-A0A2-CCE76233D83C}.Debug|Win32.Build.0 = Debug|Win32
		{AD725C26-678B-4231-A0A2-CCE76233D83C}.Release|Win32.ActiveCfg = Release|Win32
		{AD725C26-678B-4231-A0A2-CCE76233D83C}.Release|Win32.Build.0 = Release|Win32
	EndGlobalSection
	GlobalSection(SolutionProperties) = preSolution
		HideSolutionNode = FALSE
	EndGlobalSection
EndGlobal
