
Microsoft Visual Studio Solution File, Format Version 12.00
# Visual Studio 2012
Project("{8BC9CEB8-8B4A-11D0-8D11-00A0C91BC942}") = "Init Direct3D", "Init Direct3D.vcxproj", "{D6AF2CDE-8899-4A99-AA35-2381B32C54E7}"
EndProject
Global
	GlobalSection(SolutionConfigurationPlatforms) = preSolution
		Debug|Win32 = Debug|Win32
		Release|Win32 = Release|Win32
	EndGlobalSection
	GlobalSection(ProjectConfigurationPlatforms) = postSolution
		{D6AF2CDE-8899-4A99-AA35-2381B32C54E7}.Debug|Win32.ActiveCfg = Debug|Win32
		{D6AF2CDE-8899-4A99-AA35-2381B32C54E7}.Debug|Win32.Build.0 = Debug|Win32
		{D6AF2CDE-8899-4A99-AA35-2381B32C54E7}.Release|Win32.ActiveCfg = Release|Win32
		{D6AF2CDE-8899-4A99-AA35-2381B32C54E7}.Release|Win32.Build.0 = Release|Win32
	EndGlobalSection
	GlobalSection(SolutionProperties) = preSolution
		HideSolutionNode = FALSE
	EndGlobalSection
EndGlobal
