
Microsoft Visual Studio Solution File, Format Version 9.00
# Visual Studio 2005
Project("{8BC9CEB8-8B4A-11D0-8D11-00A0C91BC942}") = "SprConverter1", "SprConverter1\SprConverter1.vcproj", "{4F1E9FA3-E450-47BB-BDC4-C22339D8E4B5}"
EndProject
Global
	GlobalSection(SolutionConfigurationPlatforms) = preSolution
		Debug|Win32 = Debug|Win32
		Release|Win32 = Release|Win32
	EndGlobalSection
	GlobalSection(ProjectConfigurationPlatforms) = postSolution
		{4F1E9FA3-E450-47BB-BDC4-C22339D8E4B5}.Debug|Win32.ActiveCfg = Debug|Win32
		{4F1E9FA3-E450-47BB-BDC4-C22339D8E4B5}.Debug|Win32.Build.0 = Debug|Win32
		{4F1E9FA3-E450-47BB-BDC4-C22339D8E4B5}.Release|Win32.ActiveCfg = Release|Win32
		{4F1E9FA3-E450-47BB-BDC4-C22339D8E4B5}.Release|Win32.Build.0 = Release|Win32
	EndGlobalSection
	GlobalSection(SolutionProperties) = preSolution
		HideSolutionNode = FALSE
	EndGlobalSection
EndGlobal
