Microsoft Visual Studio Solution File, Format Version 12.00
# Visual Studio 14
Project("{8BC9CEB8-8B4A-11D0-8D11-00A0C91BC942}") = "ALL_BUILD", "ALL_BUILD.vcxproj", "{E191A8F7-E32F-33B2-A65A-0C91EFE10FB0}"
	ProjectSection(ProjectDependencies) = postProject
		{3F41BB93-027D-3099-94F4-C2A8D6FB44B1} = {3F41BB93-027D-3099-94F4-C2A8D6FB44B1}
		{C109CF5C-49BF-342A-B71A-0AC4420E03F9} = {C109CF5C-49BF-342A-B71A-0AC4420E03F9}
		{8C3E96A6-FD6D-3DFD-9877-4BACF0AA0EFE} = {8C3E96A6-FD6D-3DFD-9877-4BACF0AA0EFE}
		{C7FFE80B-5E18-36E5-AE2F-25E48C6FD2B1} = {C7FFE80B-5E18-36E5-AE2F-25E48C6FD2B1}
	EndProjectSection
EndProject
Project("{8BC9CEB8-8B4A-11D0-8D11-00A0C91BC942}") = "Heap", "heap\Heap.vcxproj", "{3F41BB93-027D-3099-94F4-C2A8D6FB44B1}"
	ProjectSection(ProjectDependencies) = postProject
		{8C3E96A6-FD6D-3DFD-9877-4BACF0AA0EFE} = {8C3E96A6-FD6D-3DFD-9877-4BACF0AA0EFE}
	EndProjectSection
EndProject
Project("{8BC9CEB8-8B4A-11D0-8D11-00A0C91BC942}") = "List", "list\List.vcxproj", "{C109CF5C-49BF-342A-B71A-0AC4420E03F9}"
	ProjectSection(ProjectDependencies) = postProject
		{8C3E96A6-FD6D-3DFD-9877-4BACF0AA0EFE} = {8C3E96A6-FD6D-3DFD-9877-4BACF0AA0EFE}
	EndProjectSection
EndProject
Project("{8BC9CEB8-8B4A-11D0-8D11-00A0C91BC942}") = "ZERO_CHECK", "ZERO_CHECK.vcxproj", "{8C3E96A6-FD6D-3DFD-9877-4BACF0AA0EFE}"
	ProjectSection(ProjectDependencies) = postProject
	EndProjectSection
EndProject
Project("{8BC9CEB8-8B4A-11D0-8D11-00A0C91BC942}") = "algorithm", "algorithm.vcxproj", "{C7FFE80B-5E18-36E5-AE2F-25E48C6FD2B1}"
	ProjectSection(ProjectDependencies) = postProject
		{3F41BB93-027D-3099-94F4-C2A8D6FB44B1} = {3F41BB93-027D-3099-94F4-C2A8D6FB44B1}
		{C109CF5C-49BF-342A-B71A-0AC4420E03F9} = {C109CF5C-49BF-342A-B71A-0AC4420E03F9}
		{8C3E96A6-FD6D-3DFD-9877-4BACF0AA0EFE} = {8C3E96A6-FD6D-3DFD-9877-4BACF0AA0EFE}
	EndProjectSection
EndProject
Global
	GlobalSection(SolutionConfigurationPlatforms) = preSolution
		Debug|Win32 = Debug|Win32
		Release|Win32 = Release|Win32
		MinSizeRel|Win32 = MinSizeRel|Win32
		RelWithDebInfo|Win32 = RelWithDebInfo|Win32
	EndGlobalSection
	GlobalSection(ProjectConfigurationPlatforms) = postSolution
		{E191A8F7-E32F-33B2-A65A-0C91EFE10FB0}.Debug|Win32.ActiveCfg = Debug|Win32
		{E191A8F7-E32F-33B2-A65A-0C91EFE10FB0}.Release|Win32.ActiveCfg = Release|Win32
		{E191A8F7-E32F-33B2-A65A-0C91EFE10FB0}.MinSizeRel|Win32.ActiveCfg = MinSizeRel|Win32
		{E191A8F7-E32F-33B2-A65A-0C91EFE10FB0}.RelWithDebInfo|Win32.ActiveCfg = RelWithDebInfo|Win32
		{3F41BB93-027D-3099-94F4-C2A8D6FB44B1}.Debug|Win32.ActiveCfg = Debug|Win32
		{3F41BB93-027D-3099-94F4-C2A8D6FB44B1}.Debug|Win32.Build.0 = Debug|Win32
		{3F41BB93-027D-3099-94F4-C2A8D6FB44B1}.Release|Win32.ActiveCfg = Release|Win32
		{3F41BB93-027D-3099-94F4-C2A8D6FB44B1}.Release|Win32.Build.0 = Release|Win32
		{3F41BB93-027D-3099-94F4-C2A8D6FB44B1}.MinSizeRel|Win32.ActiveCfg = MinSizeRel|Win32
		{3F41BB93-027D-3099-94F4-C2A8D6FB44B1}.MinSizeRel|Win32.Build.0 = MinSizeRel|Win32
		{3F41BB93-027D-3099-94F4-C2A8D6FB44B1}.RelWithDebInfo|Win32.ActiveCfg = RelWithDebInfo|Win32
		{3F41BB93-027D-3099-94F4-C2A8D6FB44B1}.RelWithDebInfo|Win32.Build.0 = RelWithDebInfo|Win32
		{C109CF5C-49BF-342A-B71A-0AC4420E03F9}.Debug|Win32.ActiveCfg = Debug|Win32
		{C109CF5C-49BF-342A-B71A-0AC4420E03F9}.Debug|Win32.Build.0 = Debug|Win32
		{C109CF5C-49BF-342A-B71A-0AC4420E03F9}.Release|Win32.ActiveCfg = Release|Win32
		{C109CF5C-49BF-342A-B71A-0AC4420E03F9}.Release|Win32.Build.0 = Release|Win32
		{C109CF5C-49BF-342A-B71A-0AC4420E03F9}.MinSizeRel|Win32.ActiveCfg = MinSizeRel|Win32
		{C109CF5C-49BF-342A-B71A-0AC4420E03F9}.MinSizeRel|Win32.Build.0 = MinSizeRel|Win32
		{C109CF5C-49BF-342A-B71A-0AC4420E03F9}.RelWithDebInfo|Win32.ActiveCfg = RelWithDebInfo|Win32
		{C109CF5C-49BF-342A-B71A-0AC4420E03F9}.RelWithDebInfo|Win32.Build.0 = RelWithDebInfo|Win32
		{8C3E96A6-FD6D-3DFD-9877-4BACF0AA0EFE}.Debug|Win32.ActiveCfg = Debug|Win32
		{8C3E96A6-FD6D-3DFD-9877-4BACF0AA0EFE}.Debug|Win32.Build.0 = Debug|Win32
		{8C3E96A6-FD6D-3DFD-9877-4BACF0AA0EFE}.Release|Win32.ActiveCfg = Release|Win32
		{8C3E96A6-FD6D-3DFD-9877-4BACF0AA0EFE}.Release|Win32.Build.0 = Release|Win32
		{8C3E96A6-FD6D-3DFD-9877-4BACF0AA0EFE}.MinSizeRel|Win32.ActiveCfg = MinSizeRel|Win32
		{8C3E96A6-FD6D-3DFD-9877-4BACF0AA0EFE}.MinSizeRel|Win32.Build.0 = MinSizeRel|Win32
		{8C3E96A6-FD6D-3DFD-9877-4BACF0AA0EFE}.RelWithDebInfo|Win32.ActiveCfg = RelWithDebInfo|Win32
		{8C3E96A6-FD6D-3DFD-9877-4BACF0AA0EFE}.RelWithDebInfo|Win32.Build.0 = RelWithDebInfo|Win32
		{C7FFE80B-5E18-36E5-AE2F-25E48C6FD2B1}.Debug|Win32.ActiveCfg = Debug|Win32
		{C7FFE80B-5E18-36E5-AE2F-25E48C6FD2B1}.Debug|Win32.Build.0 = Debug|Win32
		{C7FFE80B-5E18-36E5-AE2F-25E48C6FD2B1}.Release|Win32.ActiveCfg = Release|Win32
		{C7FFE80B-5E18-36E5-AE2F-25E48C6FD2B1}.Release|Win32.Build.0 = Release|Win32
		{C7FFE80B-5E18-36E5-AE2F-25E48C6FD2B1}.MinSizeRel|Win32.ActiveCfg = MinSizeRel|Win32
		{C7FFE80B-5E18-36E5-AE2F-25E48C6FD2B1}.MinSizeRel|Win32.Build.0 = MinSizeRel|Win32
		{C7FFE80B-5E18-36E5-AE2F-25E48C6FD2B1}.RelWithDebInfo|Win32.ActiveCfg = RelWithDebInfo|Win32
		{C7FFE80B-5E18-36E5-AE2F-25E48C6FD2B1}.RelWithDebInfo|Win32.Build.0 = RelWithDebInfo|Win32
	EndGlobalSection
	GlobalSection(ExtensibilityGlobals) = postSolution
		SolutionGuid = {AFD1D6E0-CF1C-391D-8F86-84D5CFAD82DD}
	EndGlobalSection
	GlobalSection(ExtensibilityAddIns) = postSolution
	EndGlobalSection
EndGlobal
