
Microsoft Visual Studio Solution File, Format Version 9.00
# Visual Studio 2005
Project("{8BC9CEB8-8B4A-11D0-8D11-00A0C91BC942}") = "Start", "Coding\Coding.vcproj", "{4D990653-6EFE-4F54-858D-6DCE24F26F68}"
EndProject
Project("{8BC9CEB8-8B4A-11D0-8D11-00A0C91BC942}") = "Second", "Second\Second.vcproj", "{211048E2-9270-4637-8D7B-7B0EDB89C1B7}"
EndProject
Global
	GlobalSection(SolutionConfigurationPlatforms) = preSolution
		Debug|Win32 = Debug|Win32
		Release|Win32 = Release|Win32
	EndGlobalSection
	GlobalSection(ProjectConfigurationPlatforms) = postSolution
		{4D990653-6EFE-4F54-858D-6DCE24F26F68}.Debug|Win32.ActiveCfg = Debug|Win32
		{4D990653-6EFE-4F54-858D-6DCE24F26F68}.Debug|Win32.Build.0 = Debug|Win32
		{4D990653-6EFE-4F54-858D-6DCE24F26F68}.Release|Win32.ActiveCfg = Release|Win32
		{4D990653-6EFE-4F54-858D-6DCE24F26F68}.Release|Win32.Build.0 = Release|Win32
		{211048E2-9270-4637-8D7B-7B0EDB89C1B7}.Debug|Win32.ActiveCfg = Debug|Win32
		{211048E2-9270-4637-8D7B-7B0EDB89C1B7}.Debug|Win32.Build.0 = Debug|Win32
		{211048E2-9270-4637-8D7B-7B0EDB89C1B7}.Release|Win32.ActiveCfg = Release|Win32
		{211048E2-9270-4637-8D7B-7B0EDB89C1B7}.Release|Win32.Build.0 = Release|Win32
	EndGlobalSection
	GlobalSection(SolutionProperties) = preSolution
		HideSolutionNode = FALSE
	EndGlobalSection
EndGlobal
