<?xml version="1.0" encoding="UTF-8"?>
<Project ToolsVersion="14.0" xmlns="http://schemas.microsoft.com/developer/msbuild/2003">
  <ItemGroup>
    <ClCompile Include="E:\study\c++\visualstudio\Projects\algorithm\heap\heap.cpp">
      <Filter>Source Files</Filter>
    </ClCompile>
  </ItemGroup>
  <ItemGroup>
    <CustomBuild Include="E:\study\c++\visualstudio\Projects\algorithm\heap\CMakeLists.txt" />
  </ItemGroup>
  <ItemGroup>
    <Filter Include="Source Files">
      <UniqueIdentifier>{AB5275F2-83A6-39AD-AAA1-9AFB27EABACE}</UniqueIdentifier>
    </Filter>
  </ItemGroup>
</Project>
